
Microsoft Visual Studio Solution File, Format Version 12.00
# Visual Studio 14
VisualStudioVersion = 14.0.25420.1
MinimumVisualStudioVersion = 10.0.40219.1
Project("{FAE04EC0-301F-11D3-BF4B-00C04F79EFBC}") = "17Diving", "17Diving\17Diving.csproj", "{FC411CCC-3277-40C3-BDD6-77DEEF796DC4}"
EndProject
Global
	GlobalSection(SolutionConfigurationPlatforms) = preSolution
		Debug|Any CPU = Debug|Any CPU
		Release|Any CPU = Release|Any CPU
	EndGlobalSection
	GlobalSection(ProjectConfigurationPlatforms) = postSolution
		{FC411CCC-3277-40C3-BDD6-77DEEF796DC4}.Debug|Any CPU.ActiveCfg = Debug|Any CPU
		{FC411CCC-3277-40C3-BDD6-77DEEF796DC4}.Debug|Any CPU.Build.0 = Debug|Any CPU
		{FC411CCC-3277-40C3-BDD6-77DEEF796DC4}.Release|Any CPU.ActiveCfg = Release|Any CPU
		{FC411CCC-3277-40C3-BDD6-77DEEF796DC4}.Release|Any CPU.Build.0 = Release|Any CPU
	EndGlobalSection
	GlobalSection(SolutionProperties) = preSolution
		HideSolutionNode = FALSE
	EndGlobalSection
EndGlobal
